
Microsoft Visual Studio Solution File, Format Version 12.00
# Visual Studio Version 17
VisualStudioVersion = 17.12.35527.113 d17.12
MinimumVisualStudioVersion = 10.0.40219.1
Project("{2150E333-8FDC-42A3-9474-1A3956D46DE8}") = "1 - Apresentacao", "1 - Apresentacao", "{674B29EC-3363-43D5-A9A1-123DB919D5A7}"
EndProject
Project("{2150E333-8FDC-42A3-9474-1A3956D46DE8}") = "2 - Aplicacao", "2 - Aplicacao", "{2594AD3A-D17A-4AD0-A385-016EE52A35D7}"
EndProject
Project("{2150E333-8FDC-42A3-9474-1A3956D46DE8}") = "3 - Dominio", "3 - Dominio", "{FAB5820C-36CF-467A-9EC1-2DC293E7311F}"
EndProject
Project("{2150E333-8FDC-42A3-9474-1A3956D46DE8}") = "4 - Infraestrutura", "4 - Infraestrutura", "{664FA023-47B2-465F-B313-F3B1C5ABF35D}"
EndProject
Project("{2150E333-8FDC-42A3-9474-1A3956D46DE8}") = "5 - Testes", "5 - Testes", "{96068E83-BB87-43F1-886F-FB8DEFBA84F9}"
EndProject
Project("{FAE04EC0-301F-11D3-BF4B-00C04F79EFBC}") = "Dominio.Negocio", "Dominio.Negocio\Dominio.Negocio.csproj", "{FE1C342B-F0E1-4DB4-AEF9-EE9A9B4FC97B}"
EndProject
Global
	GlobalSection(SolutionConfigurationPlatforms) = preSolution
		Debug|Any CPU = Debug|Any CPU
		Release|Any CPU = Release|Any CPU
	EndGlobalSection
	GlobalSection(ProjectConfigurationPlatforms) = postSolution
		{FE1C342B-F0E1-4DB4-AEF9-EE9A9B4FC97B}.Debug|Any CPU.ActiveCfg = Debug|Any CPU
		{FE1C342B-F0E1-4DB4-AEF9-EE9A9B4FC97B}.Debug|Any CPU.Build.0 = Debug|Any CPU
		{FE1C342B-F0E1-4DB4-AEF9-EE9A9B4FC97B}.Release|Any CPU.ActiveCfg = Release|Any CPU
		{FE1C342B-F0E1-4DB4-AEF9-EE9A9B4FC97B}.Release|Any CPU.Build.0 = Release|Any CPU
	EndGlobalSection
	GlobalSection(SolutionProperties) = preSolution
		HideSolutionNode = FALSE
	EndGlobalSection
	GlobalSection(NestedProjects) = preSolution
		{FE1C342B-F0E1-4DB4-AEF9-EE9A9B4FC97B} = {FAB5820C-36CF-467A-9EC1-2DC293E7311F}
	EndGlobalSection
EndGlobal
